// !$*UTF8*$!
{
	archiveVersion = 1;
	classes = {
	};
	objectVersion = 46;
	objects = {

/* Begin PBXBuildFile section */
		4592A229F3C09B1076D1D625 /* Pods_GelanDataTests.framework in Frameworks */ = {isa = PBXBuildFile; fileRef = 169EE24D4FD5C6B91D3A0CA1 /* Pods_GelanDataTests.framework */; };
		9DFC48591ED6713B57057401 /* Pods_GelanDataUITests.framework in Frameworks */ = {isa = PBXBuildFile; fileRef = 557E7F156CCAB94A76120EF0 /* Pods_GelanDataUITests.framework */; };
		BF785F5C1E6C156B0098AA69 /* MapResultViewController.swift in Sources */ = {isa = PBXBuildFile; fileRef = BF785F5B1E6C156B0098AA69 /* MapResultViewController.swift */; };
		BF8A012C1E57396800D8DCC4 /* CoreLocation.framework in Frameworks */ = {isa = PBXBuildFile; fileRef = BF8A012B1E57396800D8DCC4 /* CoreLocation.framework */; };
		BF8A012E1E57F61100D8DCC4 /* TwitterViewController.swift in Sources */ = {isa = PBXBuildFile; fileRef = BF8A012D1E57F61100D8DCC4 /* TwitterViewController.swift */; };
		BF8A01341E59386F00D8DCC4 /* Fabric.framework in Frameworks */ = {isa = PBXBuildFile; fileRef = BF8A01301E59386F00D8DCC4 /* Fabric.framework */; };
		BF8A01351E59386F00D8DCC4 /* TwitterKit.framework in Frameworks */ = {isa = PBXBuildFile; fileRef = BF8A01311E59386F00D8DCC4 /* TwitterKit.framework */; };
		BF8A01361E59386F00D8DCC4 /* TwitterKitResources.bundle in Resources */ = {isa = PBXBuildFile; fileRef = BF8A01321E59386F00D8DCC4 /* TwitterKitResources.bundle */; };
		BF8A01371E59386F00D8DCC4 /* TwitterCore.framework in Frameworks */ = {isa = PBXBuildFile; fileRef = BF8A01331E59386F00D8DCC4 /* TwitterCore.framework */; };
		BF8A01391E59609200D8DCC4 /* twitter.png in Resources */ = {isa = PBXBuildFile; fileRef = BF8A01381E59609200D8DCC4 /* twitter.png */; };
		BF8A013B1E5964CD00D8DCC4 /* MapViewController.swift in Sources */ = {isa = PBXBuildFile; fileRef = BF8A013A1E5964CD00D8DCC4 /* MapViewController.swift */; };
		BF8A013F1E59E07500D8DCC4 /* TimelineViewController.swift in Sources */ = {isa = PBXBuildFile; fileRef = BF8A013E1E59E07500D8DCC4 /* TimelineViewController.swift */; };
		BF8A01411E5DDB5000D8DCC4 /* SnowboardViewController.swift in Sources */ = {isa = PBXBuildFile; fileRef = BF8A01401E5DDB5000D8DCC4 /* SnowboardViewController.swift */; };
		BF8A01431E5DE48D00D8DCC4 /* UIView.swift in Sources */ = {isa = PBXBuildFile; fileRef = BF8A01421E5DE48D00D8DCC4 /* UIView.swift */; };
		BF9CE02F1E4B42EB0033BFD8 /* gelande.csv in Resources */ = {isa = PBXBuildFile; fileRef = BF9CE02E1E4B42EB0033BFD8 /* gelande.csv */; };
		BF9CE0311E4B4C180033BFD8 /* LoadFile.swift in Sources */ = {isa = PBXBuildFile; fileRef = BF9CE0301E4B4C180033BFD8 /* LoadFile.swift */; };
		BFAEEF9F1E4B31BE00C097C8 /* AppDelegate.swift in Sources */ = {isa = PBXBuildFile; fileRef = BFAEEF9E1E4B31BE00C097C8 /* AppDelegate.swift */; };
		BFAEEFA11E4B31BE00C097C8 /* ViewController.swift in Sources */ = {isa = PBXBuildFile; fileRef = BFAEEFA01E4B31BE00C097C8 /* ViewController.swift */; };
		BFAEEFA41E4B31BE00C097C8 /* Main.storyboard in Resources */ = {isa = PBXBuildFile; fileRef = BFAEEFA21E4B31BE00C097C8 /* Main.storyboard */; };
		BFAEEFA61E4B31BE00C097C8 /* Assets.xcassets in Resources */ = {isa = PBXBuildFile; fileRef = BFAEEFA51E4B31BE00C097C8 /* Assets.xcassets */; };
		BFAEEFA91E4B31BE00C097C8 /* LaunchScreen.storyboard in Resources */ = {isa = PBXBuildFile; fileRef = BFAEEFA71E4B31BE00C097C8 /* LaunchScreen.storyboard */; };
		BFAEEFB41E4B31BF00C097C8 /* GelanDataTests.swift in Sources */ = {isa = PBXBuildFile; fileRef = BFAEEFB31E4B31BF00C097C8 /* GelanDataTests.swift */; };
		BFAEEFBF1E4B31BF00C097C8 /* GelanDataUITests.swift in Sources */ = {isa = PBXBuildFile; fileRef = BFAEEFBE1E4B31BF00C097C8 /* GelanDataUITests.swift */; };
		BFDBE6561E62BC0B00F3A659 /* PieChartView.swift in Sources */ = {isa = PBXBuildFile; fileRef = BFDBE6551E62BC0A00F3A659 /* PieChartView.swift */; };
		BFDBE6611E632B5C00F3A659 /* nighterOn.png in Resources */ = {isa = PBXBuildFile; fileRef = BFDBE65F1E632B5C00F3A659 /* nighterOn.png */; };
		BFDBE6621E632B5C00F3A659 /* nighterOff.png in Resources */ = {isa = PBXBuildFile; fileRef = BFDBE6601E632B5C00F3A659 /* nighterOff.png */; };
		BFDBE66A1E6AA77100F3A659 /* calories.png in Resources */ = {isa = PBXBuildFile; fileRef = BFDBE6691E6AA77100F3A659 /* calories.png */; };
		BFDBE66C1E6AA79200F3A659 /* snowboard.png in Resources */ = {isa = PBXBuildFile; fileRef = BFDBE66B1E6AA79200F3A659 /* snowboard.png */; };
		BFDBE66E1E6AB90F00F3A659 /* searchgelandeViewController.swift in Sources */ = {isa = PBXBuildFile; fileRef = BFDBE66D1E6AB90F00F3A659 /* searchgelandeViewController.swift */; };
		BFDBE6701E6ABB6600F3A659 /* search.png in Resources */ = {isa = PBXBuildFile; fileRef = BFDBE66F1E6ABB6600F3A659 /* search.png */; };
		BFDBE6721E6ABBCF00F3A659 /* search.png in Resources */ = {isa = PBXBuildFile; fileRef = BFDBE6711E6ABBCF00F3A659 /* search.png */; };
		E88B306C4FDA0217DE05ACFF /* Pods_GelanData.framework in Frameworks */ = {isa = PBXBuildFile; fileRef = AAB02A2DAC8734D9F948A91A /* Pods_GelanData.framework */; };
/* End PBXBuildFile section */

/* Begin PBXContainerItemProxy section */
		BFAEEFB01E4B31BF00C097C8 /* PBXContainerItemProxy */ = {
			isa = PBXContainerItemProxy;
			containerPortal = BFAEEF931E4B31BE00C097C8 /* Project object */;
			proxyType = 1;
			remoteGlobalIDString = BFAEEF9A1E4B31BE00C097C8;
			remoteInfo = GelanData;
		};
		BFAEEFBB1E4B31BF00C097C8 /* PBXContainerItemProxy */ = {
			isa = PBXContainerItemProxy;
			containerPortal = BFAEEF931E4B31BE00C097C8 /* Project object */;
			proxyType = 1;
			remoteGlobalIDString = BFAEEF9A1E4B31BE00C097C8;
			remoteInfo = GelanData;
		};
/* End PBXContainerItemProxy section */

/* Begin PBXFileReference section */
		09FF09062671ED9696171250 /* Pods-GelanData.debug.xcconfig */ = {isa = PBXFileReference; includeInIndex = 1; lastKnownFileType = text.xcconfig; name = "Pods-GelanData.debug.xcconfig"; path = "Pods/Target Support Files/Pods-GelanData/Pods-GelanData.debug.xcconfig"; sourceTree = "<group>"; };
		169EE24D4FD5C6B91D3A0CA1 /* Pods_GelanDataTests.framework */ = {isa = PBXFileReference; explicitFileType = wrapper.framework; includeInIndex = 0; path = Pods_GelanDataTests.framework; sourceTree = BUILT_PRODUCTS_DIR; };
		557E7F156CCAB94A76120EF0 /* Pods_GelanDataUITests.framework */ = {isa = PBXFileReference; explicitFileType = wrapper.framework; includeInIndex = 0; path = Pods_GelanDataUITests.framework; sourceTree = BUILT_PRODUCTS_DIR; };
		59F2C89CFC1F2C3A7C28942A /* Pods-GelanDataTests.debug.xcconfig */ = {isa = PBXFileReference; includeInIndex = 1; lastKnownFileType = text.xcconfig; name = "Pods-GelanDataTests.debug.xcconfig"; path = "Pods/Target Support Files/Pods-GelanDataTests/Pods-GelanDataTests.debug.xcconfig"; sourceTree = "<group>"; };
		AA4B105292758CD0EF1F7106 /* Pods-GelanDataUITests.debug.xcconfig */ = {isa = PBXFileReference; includeInIndex = 1; lastKnownFileType = text.xcconfig; name = "Pods-GelanDataUITests.debug.xcconfig"; path = "Pods/Target Support Files/Pods-GelanDataUITests/Pods-GelanDataUITests.debug.xcconfig"; sourceTree = "<group>"; };
		AAB02A2DAC8734D9F948A91A /* Pods_GelanData.framework */ = {isa = PBXFileReference; explicitFileType = wrapper.framework; includeInIndex = 0; path = Pods_GelanData.framework; sourceTree = BUILT_PRODUCTS_DIR; };
		BBB75862F1896F1EBA7425E4 /* Pods-GelanDataUITests.release.xcconfig */ = {isa = PBXFileReference; includeInIndex = 1; lastKnownFileType = text.xcconfig; name = "Pods-GelanDataUITests.release.xcconfig"; path = "Pods/Target Support Files/Pods-GelanDataUITests/Pods-GelanDataUITests.release.xcconfig"; sourceTree = "<group>"; };
		BF785F5B1E6C156B0098AA69 /* MapResultViewController.swift */ = {isa = PBXFileReference; fileEncoding = 4; lastKnownFileType = sourcecode.swift; path = MapResultViewController.swift; sourceTree = "<group>"; };
		BF8A012B1E57396800D8DCC4 /* CoreLocation.framework */ = {isa = PBXFileReference; lastKnownFileType = wrapper.framework; name = CoreLocation.framework; path = System/Library/Frameworks/CoreLocation.framework; sourceTree = SDKROOT; };
		BF8A012D1E57F61100D8DCC4 /* TwitterViewController.swift */ = {isa = PBXFileReference; fileEncoding = 4; lastKnownFileType = sourcecode.swift; path = TwitterViewController.swift; sourceTree = "<group>"; };
		BF8A01301E59386F00D8DCC4 /* Fabric.framework */ = {isa = PBXFileReference; lastKnownFileType = wrapper.framework; path = Fabric.framework; sourceTree = SOURCE_ROOT; };
		BF8A01311E59386F00D8DCC4 /* TwitterKit.framework */ = {isa = PBXFileReference; lastKnownFileType = wrapper.framework; path = TwitterKit.framework; sourceTree = SOURCE_ROOT; };
		BF8A01321E59386F00D8DCC4 /* TwitterKitResources.bundle */ = {isa = PBXFileReference; lastKnownFileType = "wrapper.plug-in"; name = TwitterKitResources.bundle; path = TwitterKit.framework/Versions/A/Resources/TwitterKitResources.bundle; sourceTree = SOURCE_ROOT; };
		BF8A01331E59386F00D8DCC4 /* TwitterCore.framework */ = {isa = PBXFileReference; lastKnownFileType = wrapper.framework; path = TwitterCore.framework; sourceTree = SOURCE_ROOT; };
		BF8A01381E59609200D8DCC4 /* twitter.png */ = {isa = PBXFileReference; lastKnownFileType = image.png; name = twitter.png; path = ../../twitter.png; sourceTree = "<group>"; };
		BF8A013A1E5964CD00D8DCC4 /* MapViewController.swift */ = {isa = PBXFileReference; fileEncoding = 4; lastKnownFileType = sourcecode.swift; path = MapViewController.swift; sourceTree = "<group>"; };
		BF8A013E1E59E07500D8DCC4 /* TimelineViewController.swift */ = {isa = PBXFileReference; fileEncoding = 4; lastKnownFileType = sourcecode.swift; path = TimelineViewController.swift; sourceTree = "<group>"; };
		BF8A01401E5DDB5000D8DCC4 /* SnowboardViewController.swift */ = {isa = PBXFileReference; fileEncoding = 4; lastKnownFileType = sourcecode.swift; path = SnowboardViewController.swift; sourceTree = "<group>"; };
		BF8A01421E5DE48D00D8DCC4 /* UIView.swift */ = {isa = PBXFileReference; fileEncoding = 4; lastKnownFileType = sourcecode.swift; path = UIView.swift; sourceTree = "<group>"; };
		BF9CE02E1E4B42EB0033BFD8 /* gelande.csv */ = {isa = PBXFileReference; fileEncoding = 4; lastKnownFileType = text; path = gelande.csv; sourceTree = "<group>"; };
		BF9CE0301E4B4C180033BFD8 /* LoadFile.swift */ = {isa = PBXFileReference; fileEncoding = 4; lastKnownFileType = sourcecode.swift; path = LoadFile.swift; sourceTree = "<group>"; };
		BFAEEF9B1E4B31BE00C097C8 /* GelanData.app */ = {isa = PBXFileReference; explicitFileType = wrapper.application; includeInIndex = 0; path = GelanData.app; sourceTree = BUILT_PRODUCTS_DIR; };
		BFAEEF9E1E4B31BE00C097C8 /* AppDelegate.swift */ = {isa = PBXFileReference; lastKnownFileType = sourcecode.swift; path = AppDelegate.swift; sourceTree = "<group>"; };
		BFAEEFA01E4B31BE00C097C8 /* ViewController.swift */ = {isa = PBXFileReference; lastKnownFileType = sourcecode.swift; path = ViewController.swift; sourceTree = "<group>"; };
		BFAEEFA31E4B31BE00C097C8 /* Base */ = {isa = PBXFileReference; lastKnownFileType = file.storyboard; name = Base; path = Base.lproj/Main.storyboard; sourceTree = "<group>"; };
		BFAEEFA51E4B31BE00C097C8 /* Assets.xcassets */ = {isa = PBXFileReference; lastKnownFileType = folder.assetcatalog; path = Assets.xcassets; sourceTree = "<group>"; };
		BFAEEFA81E4B31BE00C097C8 /* Base */ = {isa = PBXFileReference; lastKnownFileType = file.storyboard; name = Base; path = Base.lproj/LaunchScreen.storyboard; sourceTree = "<group>"; };
		BFAEEFAA1E4B31BE00C097C8 /* Info.plist */ = {isa = PBXFileReference; lastKnownFileType = text.plist.xml; path = Info.plist; sourceTree = "<group>"; };
		BFAEEFAF1E4B31BF00C097C8 /* GelanDataTests.xctest */ = {isa = PBXFileReference; explicitFileType = wrapper.cfbundle; includeInIndex = 0; path = GelanDataTests.xctest; sourceTree = BUILT_PRODUCTS_DIR; };
		BFAEEFB31E4B31BF00C097C8 /* GelanDataTests.swift */ = {isa = PBXFileReference; lastKnownFileType = sourcecode.swift; path = GelanDataTests.swift; sourceTree = "<group>"; };
		BFAEEFB51E4B31BF00C097C8 /* Info.plist */ = {isa = PBXFileReference; lastKnownFileType = text.plist.xml; path = Info.plist; sourceTree = "<group>"; };
		BFAEEFBA1E4B31BF00C097C8 /* GelanDataUITests.xctest */ = {isa = PBXFileReference; explicitFileType = wrapper.cfbundle; includeInIndex = 0; path = GelanDataUITests.xctest; sourceTree = BUILT_PRODUCTS_DIR; };
		BFAEEFBE1E4B31BF00C097C8 /* GelanDataUITests.swift */ = {isa = PBXFileReference; lastKnownFileType = sourcecode.swift; path = GelanDataUITests.swift; sourceTree = "<group>"; };
		BFAEEFC01E4B31BF00C097C8 /* Info.plist */ = {isa = PBXFileReference; lastKnownFileType = text.plist.xml; path = Info.plist; sourceTree = "<group>"; };
		BFDBE6551E62BC0A00F3A659 /* PieChartView.swift */ = {isa = PBXFileReference; fileEncoding = 4; lastKnownFileType = sourcecode.swift; path = PieChartView.swift; sourceTree = "<group>"; };
		BFDBE65F1E632B5C00F3A659 /* nighterOn.png */ = {isa = PBXFileReference; lastKnownFileType = image.png; name = nighterOn.png; path = ../../nighterOn.png; sourceTree = "<group>"; };
		BFDBE6601E632B5C00F3A659 /* nighterOff.png */ = {isa = PBXFileReference; lastKnownFileType = image.png; name = nighterOff.png; path = ../../nighterOff.png; sourceTree = "<group>"; };
		BFDBE6691E6AA77100F3A659 /* calories.png */ = {isa = PBXFileReference; lastKnownFileType = image.png; name = calories.png; path = ../../calories.png; sourceTree = "<group>"; };
		BFDBE66B1E6AA79200F3A659 /* snowboard.png */ = {isa = PBXFileReference; lastKnownFileType = image.png; name = snowboard.png; path = ../../snowboard.png; sourceTree = "<group>"; };
		BFDBE66D1E6AB90F00F3A659 /* searchgelandeViewController.swift */ = {isa = PBXFileReference; fileEncoding = 4; lastKnownFileType = sourcecode.swift; path = searchgelandeViewController.swift; sourceTree = "<group>"; };
		BFDBE66F1E6ABB6600F3A659 /* search.png */ = {isa = PBXFileReference; lastKnownFileType = image.png; name = search.png; path = ../../search.png; sourceTree = "<group>"; };
		BFDBE6711E6ABBCF00F3A659 /* search.png */ = {isa = PBXFileReference; lastKnownFileType = image.png; name = search.png; path = ../../search.png; sourceTree = "<group>"; };
		CCDDE5CDA02550DD3F9E7A30 /* Pods-GelanDataTests.release.xcconfig */ = {isa = PBXFileReference; includeInIndex = 1; lastKnownFileType = text.xcconfig; name = "Pods-GelanDataTests.release.xcconfig"; path = "Pods/Target Support Files/Pods-GelanDataTests/Pods-GelanDataTests.release.xcconfig"; sourceTree = "<group>"; };
		EE4179544097E9A0598DA1A6 /* Pods-GelanData.release.xcconfig */ = {isa = PBXFileReference; includeInIndex = 1; lastKnownFileType = text.xcconfig; name = "Pods-GelanData.release.xcconfig"; path = "Pods/Target Support Files/Pods-GelanData/Pods-GelanData.release.xcconfig"; sourceTree = "<group>"; };
/* End PBXFileReference section */

/* Begin PBXFrameworksBuildPhase section */
		BFAEEF981E4B31BE00C097C8 /* Frameworks */ = {
			isa = PBXFrameworksBuildPhase;
			buildActionMask = 2147483647;
			files = (
				BF8A01371E59386F00D8DCC4 /* TwitterCore.framework in Frameworks */,
				BF8A012C1E57396800D8DCC4 /* CoreLocation.framework in Frameworks */,
				BF8A01341E59386F00D8DCC4 /* Fabric.framework in Frameworks */,
				BF8A01351E59386F00D8DCC4 /* TwitterKit.framework in Frameworks */,
				E88B306C4FDA0217DE05ACFF /* Pods_GelanData.framework in Frameworks */,
			);
			runOnlyForDeploymentPostprocessing = 0;
		};
		BFAEEFAC1E4B31BF00C097C8 /* Frameworks */ = {
			isa = PBXFrameworksBuildPhase;
			buildActionMask = 2147483647;
			files = (
				4592A229F3C09B1076D1D625 /* Pods_GelanDataTests.framework in Frameworks */,
			);
			runOnlyForDeploymentPostprocessing = 0;
		};
		BFAEEFB71E4B31BF00C097C8 /* Frameworks */ = {
			isa = PBXFrameworksBuildPhase;
			buildActionMask = 2147483647;
			files = (
				9DFC48591ED6713B57057401 /* Pods_GelanDataUITests.framework in Frameworks */,
			);
			runOnlyForDeploymentPostprocessing = 0;
		};
/* End PBXFrameworksBuildPhase section */

/* Begin PBXGroup section */
		252306DD9C97AACFE101AACA /* Frameworks */ = {
			isa = PBXGroup;
			children = (
				BF8A012B1E57396800D8DCC4 /* CoreLocation.framework */,
				AAB02A2DAC8734D9F948A91A /* Pods_GelanData.framework */,
				169EE24D4FD5C6B91D3A0CA1 /* Pods_GelanDataTests.framework */,
				557E7F156CCAB94A76120EF0 /* Pods_GelanDataUITests.framework */,
			);
			name = Frameworks;
			sourceTree = "<group>";
		};
		938FFCCE655B3409944C6CBF /* Pods */ = {
			isa = PBXGroup;
			children = (
				09FF09062671ED9696171250 /* Pods-GelanData.debug.xcconfig */,
				EE4179544097E9A0598DA1A6 /* Pods-GelanData.release.xcconfig */,
				59F2C89CFC1F2C3A7C28942A /* Pods-GelanDataTests.debug.xcconfig */,
				CCDDE5CDA02550DD3F9E7A30 /* Pods-GelanDataTests.release.xcconfig */,
				AA4B105292758CD0EF1F7106 /* Pods-GelanDataUITests.debug.xcconfig */,
				BBB75862F1896F1EBA7425E4 /* Pods-GelanDataUITests.release.xcconfig */,
			);
			name = Pods;
			sourceTree = "<group>";
		};
		BFAEEF921E4B31BE00C097C8 = {
			isa = PBXGroup;
			children = (
				BFAEEF9D1E4B31BE00C097C8 /* GelanData */,
				BFAEEFB21E4B31BF00C097C8 /* GelanDataTests */,
				BFAEEFBD1E4B31BF00C097C8 /* GelanDataUITests */,
				BFAEEF9C1E4B31BE00C097C8 /* Products */,
				252306DD9C97AACFE101AACA /* Frameworks */,
				938FFCCE655B3409944C6CBF /* Pods */,
			);
			sourceTree = "<group>";
		};
		BFAEEF9C1E4B31BE00C097C8 /* Products */ = {
			isa = PBXGroup;
			children = (
				BFAEEF9B1E4B31BE00C097C8 /* GelanData.app */,
				BFAEEFAF1E4B31BF00C097C8 /* GelanDataTests.xctest */,
				BFAEEFBA1E4B31BF00C097C8 /* GelanDataUITests.xctest */,
			);
			name = Products;
			sourceTree = "<group>";
		};
		BFAEEF9D1E4B31BE00C097C8 /* GelanData */ = {
			isa = PBXGroup;
			children = (
				BF8A01301E59386F00D8DCC4 /* Fabric.framework */,
				BF8A01311E59386F00D8DCC4 /* TwitterKit.framework */,
				BF8A01321E59386F00D8DCC4 /* TwitterKitResources.bundle */,
				BF8A01331E59386F00D8DCC4 /* TwitterCore.framework */,
				BFAEEFA21E4B31BE00C097C8 /* Main.storyboard */,
				BFAEEFA71E4B31BE00C097C8 /* LaunchScreen.storyboard */,
				BFAEEF9E1E4B31BE00C097C8 /* AppDelegate.swift */,
				BF8A01421E5DE48D00D8DCC4 /* UIView.swift */,
				BF9CE0301E4B4C180033BFD8 /* LoadFile.swift */,
				BFDBE6551E62BC0A00F3A659 /* PieChartView.swift */,
				BFAEEFA01E4B31BE00C097C8 /* ViewController.swift */,
				BF8A013A1E5964CD00D8DCC4 /* MapViewController.swift */,
				BF8A012D1E57F61100D8DCC4 /* TwitterViewController.swift */,
				BF8A01401E5DDB5000D8DCC4 /* SnowboardViewController.swift */,
				BFDBE66D1E6AB90F00F3A659 /* searchgelandeViewController.swift */,
				BF785F5B1E6C156B0098AA69 /* MapResultViewController.swift */,
				BFDBE65F1E632B5C00F3A659 /* nighterOn.png */,
				BFDBE6601E632B5C00F3A659 /* nighterOff.png */,
				BF8A013E1E59E07500D8DCC4 /* TimelineViewController.swift */,
				BFAEEFA51E4B31BE00C097C8 /* Assets.xcassets */,
				BF9CE02E1E4B42EB0033BFD8 /* gelande.csv */,
				BFAEEFAA1E4B31BE00C097C8 /* Info.plist */,
				BFDBE6711E6ABBCF00F3A659 /* search.png */,
				BFDBE6691E6AA77100F3A659 /* calories.png */,
				BFDBE66F1E6ABB6600F3A659 /* search.png */,
				BFDBE66B1E6AA79200F3A659 /* snowboard.png */,
				BF8A01381E59609200D8DCC4 /* twitter.png */,
			);
			path = GelanData;
			sourceTree = "<group>";
		};
		BFAEEFB21E4B31BF00C097C8 /* GelanDataTests */ = {
			isa = PBXGroup;
			children = (
				BFAEEFB31E4B31BF00C097C8 /* GelanDataTests.swift */,
				BFAEEFB51E4B31BF00C097C8 /* Info.plist */,
			);
			path = GelanDataTests;
			sourceTree = "<group>";
		};
		BFAEEFBD1E4B31BF00C097C8 /* GelanDataUITests */ = {
			isa = PBXGroup;
			children = (
				BFAEEFBE1E4B31BF00C097C8 /* GelanDataUITests.swift */,
				BFAEEFC01E4B31BF00C097C8 /* Info.plist */,
			);
			path = GelanDataUITests;
			sourceTree = "<group>";
		};
/* End PBXGroup section */

/* Begin PBXNativeTarget section */
		BFAEEF9A1E4B31BE00C097C8 /* GelanData */ = {
			isa = PBXNativeTarget;
			buildConfigurationList = BFAEEFC31E4B31BF00C097C8 /* Build configuration list for PBXNativeTarget "GelanData" */;
			buildPhases = (
				16ADE0BFBC46EE322B1EBE6C /* [CP] Check Pods Manifest.lock */,
				BFAEEF971E4B31BE00C097C8 /* Sources */,
				BFAEEF981E4B31BE00C097C8 /* Frameworks */,
				BFAEEF991E4B31BE00C097C8 /* Resources */,
				BF8A012F1E57F84900D8DCC4 /* ShellScript */,
				528566B9776AF350B0EDB712 /* [CP] Embed Pods Frameworks */,
				62AE6C4786110A970841A7BA /* [CP] Copy Pods Resources */,
			);
			buildRules = (
			);
			dependencies = (
			);
			name = GelanData;
			productName = GelanData;
			productReference = BFAEEF9B1E4B31BE00C097C8 /* GelanData.app */;
			productType = "com.apple.product-type.application";
		};
		BFAEEFAE1E4B31BF00C097C8 /* GelanDataTests */ = {
			isa = PBXNativeTarget;
			buildConfigurationList = BFAEEFC61E4B31BF00C097C8 /* Build configuration list for PBXNativeTarget "GelanDataTests" */;
			buildPhases = (
				C5E530AC0FAF6EE69D5D7F36 /* [CP] Check Pods Manifest.lock */,
				BFAEEFAB1E4B31BF00C097C8 /* Sources */,
				BFAEEFAC1E4B31BF00C097C8 /* Frameworks */,
				BFAEEFAD1E4B31BF00C097C8 /* Resources */,
				55FA06224AD4079FDCC1F152 /* [CP] Embed Pods Frameworks */,
				2476C64F06F74DDEC7313FB8 /* [CP] Copy Pods Resources */,
			);
			buildRules = (
			);
			dependencies = (
				BFAEEFB11E4B31BF00C097C8 /* PBXTargetDependency */,
			);
			name = GelanDataTests;
			productName = GelanDataTests;
			productReference = BFAEEFAF1E4B31BF00C097C8 /* GelanDataTests.xctest */;
			productType = "com.apple.product-type.bundle.unit-test";
		};
		BFAEEFB91E4B31BF00C097C8 /* GelanDataUITests */ = {
			isa = PBXNativeTarget;
			buildConfigurationList = BFAEEFC91E4B31BF00C097C8 /* Build configuration list for PBXNativeTarget "GelanDataUITests" */;
			buildPhases = (
				C3B5AB777F7ACC22C6621633 /* [CP] Check Pods Manifest.lock */,
				BFAEEFB61E4B31BF00C097C8 /* Sources */,
				BFAEEFB71E4B31BF00C097C8 /* Frameworks */,
				BFAEEFB81E4B31BF00C097C8 /* Resources */,
				0C91F8913A01522DEEEAC48A /* [CP] Embed Pods Frameworks */,
				1D4B7204A1655E17928DE12F /* [CP] Copy Pods Resources */,
			);
			buildRules = (
			);
			dependencies = (
				BFAEEFBC1E4B31BF00C097C8 /* PBXTargetDependency */,
			);
			name = GelanDataUITests;
			productName = GelanDataUITests;
			productReference = BFAEEFBA1E4B31BF00C097C8 /* GelanDataUITests.xctest */;
			productType = "com.apple.product-type.bundle.ui-testing";
		};
/* End PBXNativeTarget section */

/* Begin PBXProject section */
		BFAEEF931E4B31BE00C097C8 /* Project object */ = {
			isa = PBXProject;
			attributes = {
				LastSwiftUpdateCheck = 0820;
				LastUpgradeCheck = 0820;
				ORGANIZATIONNAME = kengo;
				TargetAttributes = {
					BFAEEF9A1E4B31BE00C097C8 = {
						CreatedOnToolsVersion = 8.2.1;
						DevelopmentTeam = ME2P39A3QN;
						ProvisioningStyle = Automatic;
					};
					BFAEEFAE1E4B31BF00C097C8 = {
						CreatedOnToolsVersion = 8.2.1;
						DevelopmentTeam = ME2P39A3QN;
						ProvisioningStyle = Automatic;
						TestTargetID = BFAEEF9A1E4B31BE00C097C8;
					};
					BFAEEFB91E4B31BF00C097C8 = {
						CreatedOnToolsVersion = 8.2.1;
						DevelopmentTeam = ME2P39A3QN;
						ProvisioningStyle = Automatic;
						TestTargetID = BFAEEF9A1E4B31BE00C097C8;
					};
				};
			};
			buildConfigurationList = BFAEEF961E4B31BE00C097C8 /* Build configuration list for PBXProject "GelanData" */;
			compatibilityVersion = "Xcode 3.2";
			developmentRegion = English;
			hasScannedForEncodings = 0;
			knownRegions = (
				en,
				Base,
			);
			mainGroup = BFAEEF921E4B31BE00C097C8;
			productRefGroup = BFAEEF9C1E4B31BE00C097C8 /* Products */;
			projectDirPath = "";
			projectRoot = "";
			targets = (
				BFAEEF9A1E4B31BE00C097C8 /* GelanData */,
				BFAEEFAE1E4B31BF00C097C8 /* GelanDataTests */,
				BFAEEFB91E4B31BF00C097C8 /* GelanDataUITests */,
			);
		};
/* End PBXProject section */

/* Begin PBXResourcesBuildPhase section */
		BFAEEF991E4B31BE00C097C8 /* Resources */ = {
			isa = PBXResourcesBuildPhase;
			buildActionMask = 2147483647;
			files = (
				BFAEEFA91E4B31BE00C097C8 /* LaunchScreen.storyboard in Resources */,
				BFDBE6611E632B5C00F3A659 /* nighterOn.png in Resources */,
				BF9CE02F1E4B42EB0033BFD8 /* gelande.csv in Resources */,
				BFAEEFA61E4B31BE00C097C8 /* Assets.xcassets in Resources */,
				BF8A01391E59609200D8DCC4 /* twitter.png in Resources */,
				BFDBE6621E632B5C00F3A659 /* nighterOff.png in Resources */,
				BFAEEFA41E4B31BE00C097C8 /* Main.storyboard in Resources */,
				BFDBE6721E6ABBCF00F3A659 /* search.png in Resources */,
				BFDBE6701E6ABB6600F3A659 /* search.png in Resources */,
				BF8A01361E59386F00D8DCC4 /* TwitterKitResources.bundle in Resources */,
				BFDBE66A1E6AA77100F3A659 /* calories.png in Resources */,
				BFDBE66C1E6AA79200F3A659 /* snowboard.png in Resources */,
			);
			runOnlyForDeploymentPostprocessing = 0;
		};
		BFAEEFAD1E4B31BF00C097C8 /* Resources */ = {
			isa = PBXResourcesBuildPhase;
			buildActionMask = 2147483647;
			files = (
			);
			runOnlyForDeploymentPostprocessing = 0;
		};
		BFAEEFB81E4B31BF00C097C8 /* Resources */ = {
			isa = PBXResourcesBuildPhase;
			buildActionMask = 2147483647;
			files = (
			);
			runOnlyForDeploymentPostprocessing = 0;
		};
/* End PBXResourcesBuildPhase section */

/* Begin PBXShellScriptBuildPhase section */
		0C91F8913A01522DEEEAC48A /* [CP] Embed Pods Frameworks */ = {
			isa = PBXShellScriptBuildPhase;
			buildActionMask = 2147483647;
			files = (
			);
			inputPaths = (
			);
			name = "[CP] Embed Pods Frameworks";
			outputPaths = (
			);
			runOnlyForDeploymentPostprocessing = 0;
			shellPath = /bin/sh;
			shellScript = "\"${SRCROOT}/Pods/Target Support Files/Pods-GelanDataUITests/Pods-GelanDataUITests-frameworks.sh\"\n";
			showEnvVarsInLog = 0;
		};
		16ADE0BFBC46EE322B1EBE6C /* [CP] Check Pods Manifest.lock */ = {
			isa = PBXShellScriptBuildPhase;
			buildActionMask = 2147483647;
			files = (
			);
			inputPaths = (
			);
			name = "[CP] Check Pods Manifest.lock";
			outputPaths = (
			);
			runOnlyForDeploymentPostprocessing = 0;
			shellPath = /bin/sh;
			shellScript = "diff \"${PODS_ROOT}/../Podfile.lock\" \"${PODS_ROOT}/Manifest.lock\" > /dev/null\nif [ $? != 0 ] ; then\n    # print error to STDERR\n    echo \"error: The sandbox is not in sync with the Podfile.lock. Run 'pod install' or update your CocoaPods installation.\" >&2\n    exit 1\nfi\n";
			showEnvVarsInLog = 0;
		};
		1D4B7204A1655E17928DE12F /* [CP] Copy Pods Resources */ = {
			isa = PBXShellScriptBuildPhase;
			buildActionMask = 2147483647;
			files = (
			);
			inputPaths = (
			);
			name = "[CP] Copy Pods Resources";
			outputPaths = (
			);
			runOnlyForDeploymentPostprocessing = 0;
			shellPath = /bin/sh;
			shellScript = "\"${SRCROOT}/Pods/Target Support Files/Pods-GelanDataUITests/Pods-GelanDataUITests-resources.sh\"\n";
			showEnvVarsInLog = 0;
		};
		2476C64F06F74DDEC7313FB8 /* [CP] Copy Pods Resources */ = {
			isa = PBXShellScriptBuildPhase;
			buildActionMask = 2147483647;
			files = (
			);
			inputPaths = (
			);
			name = "[CP] Copy Pods Resources";
			outputPaths = (
			);
			runOnlyForDeploymentPostprocessing = 0;
			shellPath = /bin/sh;
			shellScript = "\"${SRCROOT}/Pods/Target Support Files/Pods-GelanDataTests/Pods-GelanDataTests-resources.sh\"\n";
			showEnvVarsInLog = 0;
		};
		528566B9776AF350B0EDB712 /* [CP] Embed Pods Frameworks */ = {
			isa = PBXShellScriptBuildPhase;
			buildActionMask = 2147483647;
			files = (
			);
			inputPaths = (
			);
			name = "[CP] Embed Pods Frameworks";
			outputPaths = (
			);
			runOnlyForDeploymentPostprocessing = 0;
			shellPath = /bin/sh;
			shellScript = "\"${SRCROOT}/Pods/Target Support Files/Pods-GelanData/Pods-GelanData-frameworks.sh\"\n";
			showEnvVarsInLog = 0;
		};
		55FA06224AD4079FDCC1F152 /* [CP] Embed Pods Frameworks */ = {
			isa = PBXShellScriptBuildPhase;
			buildActionMask = 2147483647;
			files = (
			);
			inputPaths = (
			);
			name = "[CP] Embed Pods Frameworks";
			outputPaths = (
			);
			runOnlyForDeploymentPostprocessing = 0;
			shellPath = /bin/sh;
			shellScript = "\"${SRCROOT}/Pods/Target Support Files/Pods-GelanDataTests/Pods-GelanDataTests-frameworks.sh\"\n";
			showEnvVarsInLog = 0;
		};
		62AE6C4786110A970841A7BA /* [CP] Copy Pods Resources */ = {
			isa = PBXShellScriptBuildPhase;
			buildActionMask = 2147483647;
			files = (
			);
			inputPaths = (
			);
			name = "[CP] Copy Pods Resources";
			outputPaths = (
			);
			runOnlyForDeploymentPostprocessing = 0;
			shellPath = /bin/sh;
			shellScript = "\"${SRCROOT}/Pods/Target Support Files/Pods-GelanData/Pods-GelanData-resources.sh\"\n";
			showEnvVarsInLog = 0;
		};
		BF8A012F1E57F84900D8DCC4 /* ShellScript */ = {
			isa = PBXShellScriptBuildPhase;
			buildActionMask = 2147483647;
			files = (
			);
			inputPaths = (
			);
			outputPaths = (
			);
			runOnlyForDeploymentPostprocessing = 0;
			shellPath = /bin/sh;
			shellScript = "./Fabric.framework/run c6d315502ab7c83aaf52d6e8f57717929b5882c8 503536513a7ec487fbd6a14b24d09203481ab1b78ebf6b97bb15c4971ac63749";
		};
		C3B5AB777F7ACC22C6621633 /* [CP] Check Pods Manifest.lock */ = {
			isa = PBXShellScriptBuildPhase;
			buildActionMask = 2147483647;
			files = (
			);
			inputPaths = (
			);
			name = "[CP] Check Pods Manifest.lock";
			outputPaths = (
			);
			runOnlyForDeploymentPostprocessing = 0;
			shellPath = /bin/sh;
			shellScript = "diff \"${PODS_ROOT}/../Podfile.lock\" \"${PODS_ROOT}/Manifest.lock\" > /dev/null\nif [ $? != 0 ] ; then\n    # print error to STDERR\n    echo \"error: The sandbox is not in sync with the Podfile.lock. Run 'pod install' or update your CocoaPods installation.\" >&2\n    exit 1\nfi\n";
			showEnvVarsInLog = 0;
		};
		C5E530AC0FAF6EE69D5D7F36 /* [CP] Check Pods Manifest.lock */ = {
			isa = PBXShellScriptBuildPhase;
			buildActionMask = 2147483647;
			files = (
			);
			inputPaths = (
			);
			name = "[CP] Check Pods Manifest.lock";
			outputPaths = (
			);
			runOnlyForDeploymentPostprocessing = 0;
			shellPath = /bin/sh;
			shellScript = "diff \"${PODS_ROOT}/../Podfile.lock\" \"${PODS_ROOT}/Manifest.lock\" > /dev/null\nif [ $? != 0 ] ; then\n    # print error to STDERR\n    echo \"error: The sandbox is not in sync with the Podfile.lock. Run 'pod install' or update your CocoaPods installation.\" >&2\n    exit 1\nfi\n";
			showEnvVarsInLog = 0;
		};
/* End PBXShellScriptBuildPhase section */

/* Begin PBXSourcesBuildPhase section */
		BFAEEF971E4B31BE00C097C8 /* Sources */ = {
			isa = PBXSourcesBuildPhase;
			buildActionMask = 2147483647;
			files = (
				BFDBE6561E62BC0B00F3A659 /* PieChartView.swift in Sources */,
				BFDBE66E1E6AB90F00F3A659 /* searchgelandeViewController.swift in Sources */,
				BF8A01431E5DE48D00D8DCC4 /* UIView.swift in Sources */,
				BF8A012E1E57F61100D8DCC4 /* TwitterViewController.swift in Sources */,
				BFAEEFA11E4B31BE00C097C8 /* ViewController.swift in Sources */,
				BF785F5C1E6C156B0098AA69 /* MapResultViewController.swift in Sources */,
				BFAEEF9F1E4B31BE00C097C8 /* AppDelegate.swift in Sources */,
				BF8A01411E5DDB5000D8DCC4 /* SnowboardViewController.swift in Sources */,
				BF8A013B1E5964CD00D8DCC4 /* MapViewController.swift in Sources */,
				BF8A013F1E59E07500D8DCC4 /* TimelineViewController.swift in Sources */,
				BF9CE0311E4B4C180033BFD8 /* LoadFile.swift in Sources */,
			);
			runOnlyForDeploymentPostprocessing = 0;
		};
		BFAEEFAB1E4B31BF00C097C8 /* Sources */ = {
			isa = PBXSourcesBuildPhase;
			buildActionMask = 2147483647;
			files = (
				BFAEEFB41E4B31BF00C097C8 /* GelanDataTests.swift in Sources */,
			);
			runOnlyForDeploymentPostprocessing = 0;
		};
		BFAEEFB61E4B31BF00C097C8 /* Sources */ = {
			isa = PBXSourcesBuildPhase;
			buildActionMask = 2147483647;
			files = (
				BFAEEFBF1E4B31BF00C097C8 /* GelanDataUITests.swift in Sources */,
			);
			runOnlyForDeploymentPostprocessing = 0;
		};
/* End PBXSourcesBuildPhase section */

/* Begin PBXTargetDependency section */
		BFAEEFB11E4B31BF00C097C8 /* PBXTargetDependency */ = {
			isa = PBXTargetDependency;
			target = BFAEEF9A1E4B31BE00C097C8 /* GelanData */;
			targetProxy = BFAEEFB01E4B31BF00C097C8 /* PBXContainerItemProxy */;
		};
		BFAEEFBC1E4B31BF00C097C8 /* PBXTargetDependency */ = {
			isa = PBXTargetDependency;
			target = BFAEEF9A1E4B31BE00C097C8 /* GelanData */;
			targetProxy = BFAEEFBB1E4B31BF00C097C8 /* PBXContainerItemProxy */;
		};
/* End PBXTargetDependency section */

/* Begin PBXVariantGroup section */
		BFAEEFA21E4B31BE00C097C8 /* Main.storyboard */ = {
			isa = PBXVariantGroup;
			children = (
				BFAEEFA31E4B31BE00C097C8 /* Base */,
			);
			name = Main.storyboard;
			sourceTree = "<group>";
		};
		BFAEEFA71E4B31BE00C097C8 /* LaunchScreen.storyboard */ = {
			isa = PBXVariantGroup;
			children = (
				BFAEEFA81E4B31BE00C097C8 /* Base */,
			);
			name = LaunchScreen.storyboard;
			sourceTree = "<group>";
		};
/* End PBXVariantGroup section */

/* Begin XCBuildConfiguration section */
		BFAEEFC11E4B31BF00C097C8 /* Debug */ = {
			isa = XCBuildConfiguration;
			buildSettings = {
				ALWAYS_SEARCH_USER_PATHS = NO;
				CLANG_ANALYZER_NONNULL = YES;
				CLANG_CXX_LANGUAGE_STANDARD = "gnu++0x";
				CLANG_CXX_LIBRARY = "libc++";
				CLANG_ENABLE_MODULES = YES;
				CLANG_ENABLE_OBJC_ARC = YES;
				CLANG_WARN_BOOL_CONVERSION = YES;
				CLANG_WARN_CONSTANT_CONVERSION = YES;
				CLANG_WARN_DIRECT_OBJC_ISA_USAGE = YES_ERROR;
				CLANG_WARN_DOCUMENTATION_COMMENTS = YES;
				CLANG_WARN_EMPTY_BODY = YES;
				CLANG_WARN_ENUM_CONVERSION = YES;
				CLANG_WARN_INFINITE_RECURSION = YES;
				CLANG_WARN_INT_CONVERSION = YES;
				CLANG_WARN_OBJC_ROOT_CLASS = YES_ERROR;
				CLANG_WARN_SUSPICIOUS_MOVE = YES;
				CLANG_WARN_UNREACHABLE_CODE = YES;
				CLANG_WARN__DUPLICATE_METHOD_MATCH = YES;
				"CODE_SIGN_IDENTITY[sdk=iphoneos*]" = "iPhone Developer";
				COPY_PHASE_STRIP = NO;
				DEBUG_INFORMATION_FORMAT = dwarf;
				ENABLE_STRICT_OBJC_MSGSEND = YES;
				ENABLE_TESTABILITY = YES;
				GCC_C_LANGUAGE_STANDARD = gnu99;
				GCC_DYNAMIC_NO_PIC = NO;
				GCC_NO_COMMON_BLOCKS = YES;
				GCC_OPTIMIZATION_LEVEL = 0;
				GCC_PREPROCESSOR_DEFINITIONS = (
					"DEBUG=1",
					"$(inherited)",
				);
				GCC_WARN_64_TO_32_BIT_CONVERSION = YES;
				GCC_WARN_ABOUT_RETURN_TYPE = YES_ERROR;
				GCC_WARN_UNDECLARED_SELECTOR = YES;
				GCC_WARN_UNINITIALIZED_AUTOS = YES_AGGRESSIVE;
				GCC_WARN_UNUSED_FUNCTION = YES;
				GCC_WARN_UNUSED_VARIABLE = YES;
				IPHONEOS_DEPLOYMENT_TARGET = 10.2;
				MTL_ENABLE_DEBUG_INFO = YES;
				ONLY_ACTIVE_ARCH = YES;
				SDKROOT = iphoneos;
				SWIFT_ACTIVE_COMPILATION_CONDITIONS = DEBUG;
				SWIFT_OPTIMIZATION_LEVEL = "-Onone";
			};
			name = Debug;
		};
		BFAEEFC21E4B31BF00C097C8 /* Release */ = {
			isa = XCBuildConfiguration;
			buildSettings = {
				ALWAYS_SEARCH_USER_PATHS = NO;
				CLANG_ANALYZER_NONNULL = YES;
				CLANG_CXX_LANGUAGE_STANDARD = "gnu++0x";
				CLANG_CXX_LIBRARY = "libc++";
				CLANG_ENABLE_MODULES = YES;
				CLANG_ENABLE_OBJC_ARC = YES;
				CLANG_WARN_BOOL_CONVERSION = YES;
				CLANG_WARN_CONSTANT_CONVERSION = YES;
				CLANG_WARN_DIRECT_OBJC_ISA_USAGE = YES_ERROR;
				CLANG_WARN_DOCUMENTATION_COMMENTS = YES;
				CLANG_WARN_EMPTY_BODY = YES;
				CLANG_WARN_ENUM_CONVERSION = YES;
				CLANG_WARN_INFINITE_RECURSION = YES;
				CLANG_WARN_INT_CONVERSION = YES;
				CLANG_WARN_OBJC_ROOT_CLASS = YES_ERROR;
				CLANG_WARN_SUSPICIOUS_MOVE = YES;
				CLANG_WARN_UNREACHABLE_CODE = YES;
				CLANG_WARN__DUPLICATE_METHOD_MATCH = YES;
				"CODE_SIGN_IDENTITY[sdk=iphoneos*]" = "iPhone Developer";
				COPY_PHASE_STRIP = NO;
				DEBUG_INFORMATION_FORMAT = "dwarf-with-dsym";
				ENABLE_NS_ASSERTIONS = NO;
				ENABLE_STRICT_OBJC_MSGSEND = YES;
				GCC_C_LANGUAGE_STANDARD = gnu99;
				GCC_NO_COMMON_BLOCKS = YES;
				GCC_WARN_64_TO_32_BIT_CONVERSION = YES;
				GCC_WARN_ABOUT_RETURN_TYPE = YES_ERROR;
				GCC_WARN_UNDECLARED_SELECTOR = YES;
				GCC_WARN_UNINITIALIZED_AUTOS = YES_AGGRESSIVE;
				GCC_WARN_UNUSED_FUNCTION = YES;
				GCC_WARN_UNUSED_VARIABLE = YES;
				IPHONEOS_DEPLOYMENT_TARGET = 10.2;
				MTL_ENABLE_DEBUG_INFO = NO;
				SDKROOT = iphoneos;
				SWIFT_OPTIMIZATION_LEVEL = "-Owholemodule";
				VALIDATE_PRODUCT = YES;
			};
			name = Release;
		};
		BFAEEFC41E4B31BF00C097C8 /* Debug */ = {
			isa = XCBuildConfiguration;
			baseConfigurationReference = 09FF09062671ED9696171250 /* Pods-GelanData.debug.xcconfig */;
			buildSettings = {
				ASSETCATALOG_COMPILER_APPICON_NAME = AppIcon;
				DEVELOPMENT_TEAM = ME2P39A3QN;
				FRAMEWORK_SEARCH_PATHS = (
					"$(inherited)",
					"$(PROJECT_DIR)",
				);
				INFOPLIST_FILE = GelanData/Info.plist;
				IPHONEOS_DEPLOYMENT_TARGET = 9.0;
				LD_RUNPATH_SEARCH_PATHS = "$(inherited) @executable_path/Frameworks";
				PRODUCT_BUNDLE_IDENTIFIER = com.kengoooon.GelanData;
				PRODUCT_NAME = "$(TARGET_NAME)";
				SWIFT_VERSION = 3.0;
				TARGETED_DEVICE_FAMILY = 1;
			};
			name = Debug;
		};
		BFAEEFC51E4B31BF00C097C8 /* Release */ = {
			isa = XCBuildConfiguration;
			baseConfigurationReference = EE4179544097E9A0598DA1A6 /* Pods-GelanData.release.xcconfig */;
			buildSettings = {
				ASSETCATALOG_COMPILER_APPICON_NAME = AppIcon;
				DEVELOPMENT_TEAM = ME2P39A3QN;
				FRAMEWORK_SEARCH_PATHS = (
					"$(inherited)",
					"$(PROJECT_DIR)",
				);
				INFOPLIST_FILE = GelanData/Info.plist;
				IPHONEOS_DEPLOYMENT_TARGET = 9.0;
				LD_RUNPATH_SEARCH_PATHS = "$(inherited) @executable_path/Frameworks";
				PRODUCT_BUNDLE_IDENTIFIER = com.kengoooon.GelanData;
				PRODUCT_NAME = "$(TARGET_NAME)";
				SWIFT_VERSION = 3.0;
				TARGETED_DEVICE_FAMILY = 1;
			};
			name = Release;
		};
		BFAEEFC71E4B31BF00C097C8 /* Debug */ = {
			isa = XCBuildConfiguration;
			baseConfigurationReference = 59F2C89CFC1F2C3A7C28942A /* Pods-GelanDataTests.debug.xcconfig */;
			buildSettings = {
				ALWAYS_EMBED_SWIFT_STANDARD_LIBRARIES = YES;
				BUNDLE_LOADER = "$(TEST_HOST)";
				DEVELOPMENT_TEAM = ME2P39A3QN;
				INFOPLIST_FILE = GelanDataTests/Info.plist;
				LD_RUNPATH_SEARCH_PATHS = "$(inherited) @executable_path/Frameworks @loader_path/Frameworks";
				PRODUCT_BUNDLE_IDENTIFIER = self.GelanDataTests;
				PRODUCT_NAME = "$(TARGET_NAME)";
				SWIFT_VERSION = 3.0;
				TEST_HOST = "$(BUILT_PRODUCTS_DIR)/GelanData.app/GelanData";
			};
			name = Debug;
		};
		BFAEEFC81E4B31BF00C097C8 /* Release */ = {
			isa = XCBuildConfiguration;
			baseConfigurationReference = CCDDE5CDA02550DD3F9E7A30 /* Pods-GelanDataTests.release.xcconfig */;
			buildSettings = {
				ALWAYS_EMBED_SWIFT_STANDARD_LIBRARIES = YES;
				BUNDLE_LOADER = "$(TEST_HOST)";
				DEVELOPMENT_TEAM = ME2P39A3QN;
				INFOPLIST_FILE = GelanDataTests/Info.plist;
				LD_RUNPATH_SEARCH_PATHS = "$(inherited) @executable_path/Frameworks @loader_path/Frameworks";
				PRODUCT_BUNDLE_IDENTIFIER = self.GelanDataTests;
				PRODUCT_NAME = "$(TARGET_NAME)";
				SWIFT_VERSION = 3.0;
				TEST_HOST = "$(BUILT_PRODUCTS_DIR)/GelanData.app/GelanData";
			};
			name = Release;
		};
		BFAEEFCA1E4B31BF00C097C8 /* Debug */ = {
			isa = XCBuildConfiguration;
			baseConfigurationReference = AA4B105292758CD0EF1F7106 /* Pods-GelanDataUITests.debug.xcconfig */;
			buildSettings = {
				ALWAYS_EMBED_SWIFT_STANDARD_LIBRARIES = YES;
				DEVELOPMENT_TEAM = ME2P39A3QN;
				INFOPLIST_FILE = GelanDataUITests/Info.plist;
				LD_RUNPATH_SEARCH_PATHS = "$(inherited) @executable_path/Frameworks @loader_path/Frameworks";
				PRODUCT_BUNDLE_IDENTIFIER = self.GelanDataUITests;
				PRODUCT_NAME = "$(TARGET_NAME)";
				SWIFT_VERSION = 3.0;
				TEST_TARGET_NAME = GelanData;
			};
			name = Debug;
		};
		BFAEEFCB1E4B31BF00C097C8 /* Release */ = {
			isa = XCBuildConfiguration;
			baseConfigurationReference = BBB75862F1896F1EBA7425E4 /* Pods-GelanDataUITests.release.xcconfig */;
			buildSettings = {
				ALWAYS_EMBED_SWIFT_STANDARD_LIBRARIES = YES;
				DEVELOPMENT_TEAM = ME2P39A3QN;
				INFOPLIST_FILE = GelanDataUITests/Info.plist;
				LD_RUNPATH_SEARCH_PATHS = "$(inherited) @executable_path/Frameworks @loader_path/Frameworks";
				PRODUCT_BUNDLE_IDENTIFIER = self.GelanDataUITests;
				PRODUCT_NAME = "$(TARGET_NAME)";
				SWIFT_VERSION = 3.0;
				TEST_TARGET_NAME = GelanData;
			};
			name = Release;
		};
/* End XCBuildConfiguration section */

/* Begin XCConfigurationList section */
		BFAEEF961E4B31BE00C097C8 /* Build configuration list for PBXProject "GelanData" */ = {
			isa = XCConfigurationList;
			buildConfigurations = (
				BFAEEFC11E4B31BF00C097C8 /* Debug */,
				BFAEEFC21E4B31BF00C097C8 /* Release */,
			);
			defaultConfigurationIsVisible = 0;
			defaultConfigurationName = Release;
		};
		BFAEEFC31E4B31BF00C097C8 /* Build configuration list for PBXNativeTarget "GelanData" */ = {
			isa = XCConfigurationList;
			buildConfigurations = (
				BFAEEFC41E4B31BF00C097C8 /* Debug */,
				BFAEEFC51E4B31BF00C097C8 /* Release */,
			);
			defaultConfigurationIsVisible = 0;
			defaultConfigurationName = Release;
		};
		BFAEEFC61E4B31BF00C097C8 /* Build configuration list for PBXNativeTarget "GelanDataTests" */ = {
			isa = XCConfigurationList;
			buildConfigurations = (
				BFAEEFC71E4B31BF00C097C8 /* Debug */,
				BFAEEFC81E4B31BF00C097C8 /* Release */,
			);
			defaultConfigurationIsVisible = 0;
			defaultConfigurationName = Release;
		};
		BFAEEFC91E4B31BF00C097C8 /* Build configuration list for PBXNativeTarget "GelanDataUITests" */ = {
			isa = XCConfigurationList;
			buildConfigurations = (
				BFAEEFCA1E4B31BF00C097C8 /* Debug */,
				BFAEEFCB1E4B31BF00C097C8 /* Release */,
			);
			defaultConfigurationIsVisible = 0;
			defaultConfigurationName = Release;
		};
/* End XCConfigurationList section */
	};
	rootObject = BFAEEF931E4B31BE00C097C8 /* Project object */;
}
